
Microsoft Visual Studio Solution File, Format Version 12.00
# Visual Studio Version 17
VisualStudioVersion = 17.13.35931.197 d17.13
MinimumVisualStudioVersion = 10.0.40219.1
Project("{FAE04EC0-301F-11D3-BF4B-00C04F79EFBC}") = "CSharpPractice", "CSharpPractice\CSharpPractice.csproj", "{D029CF01-8D30-4B1B-AF55-10473AA0DD72}"
EndProject
Global
	GlobalSection(SolutionConfigurationPlatforms) = preSolution
		Debug|Any CPU = Debug|Any CPU
		Release|Any CPU = Release|Any CPU
	EndGlobalSection
	GlobalSection(ProjectConfigurationPlatforms) = postSolution
		{D029CF01-8D30-4B1B-AF55-10473AA0DD72}.Debug|Any CPU.ActiveCfg = Debug|Any CPU
		{D029CF01-8D30-4B1B-AF55-10473AA0DD72}.Debug|Any CPU.Build.0 = Debug|Any CPU
		{D029CF01-8D30-4B1B-AF55-10473AA0DD72}.Release|Any CPU.ActiveCfg = Release|Any CPU
		{D029CF01-8D30-4B1B-AF55-10473AA0DD72}.Release|Any CPU.Build.0 = Release|Any CPU
	EndGlobalSection
	GlobalSection(SolutionProperties) = preSolution
		HideSolutionNode = FALSE
	EndGlobalSection
	GlobalSection(ExtensibilityGlobals) = postSolution
		SolutionGuid = {7DC753F4-1FCF-43E4-8526-7FC45F3CE95D}
	EndGlobalSection
EndGlobal
